
Microsoft Visual Studio Solution File, Format Version 11.00
# Visual Studio 2010
Project("{FAE04EC0-301F-11D3-BF4B-00C04F79EFBC}") = "EcoManager", "EcoManager\EcoManager.csproj", "{FFCABFB8-EDD0-41E2-8CE8-49FBAB775224}"
EndProject
Project("{FAE04EC0-301F-11D3-BF4B-00C04F79EFBC}") = "EcoModel", "EcoModel\EcoModel.csproj", "{2CB8AB5B-230D-46E2-BF2B-6A9A8B888A7C}"
EndProject
Project("{FAE04EC0-301F-11D3-BF4B-00C04F79EFBC}") = "EcoShared", "EcoShared\EcoShared.csproj", "{D6AB95DF-5DBD-4EF1-82DE-3065F3B855C1}"
EndProject
Project("{54435603-DBB4-11D2-8724-00A0C9A8B90C}") = "EcoSetup", "EcoSetup\EcoSetup.vdproj", "{7B6C44F8-AF0C-495E-86E6-6D465636FFDB}"
EndProject
Global
	GlobalSection(SolutionConfigurationPlatforms) = preSolution
		Debug|Any CPU = Debug|Any CPU
		Debug|Mixed Platforms = Debug|Mixed Platforms
		Debug|x86 = Debug|x86
		Release|Any CPU = Release|Any CPU
		Release|Mixed Platforms = Release|Mixed Platforms
		Release|x86 = Release|x86
	EndGlobalSection
	GlobalSection(ProjectConfigurationPlatforms) = postSolution
		{FFCABFB8-EDD0-41E2-8CE8-49FBAB775224}.Debug|Any CPU.ActiveCfg = Debug|x86
		{FFCABFB8-EDD0-41E2-8CE8-49FBAB775224}.Debug|Mixed Platforms.ActiveCfg = Debug|x86
		{FFCABFB8-EDD0-41E2-8CE8-49FBAB775224}.Debug|Mixed Platforms.Build.0 = Debug|x86
		{FFCABFB8-EDD0-41E2-8CE8-49FBAB775224}.Debug|x86.ActiveCfg = Debug|x86
		{FFCABFB8-EDD0-41E2-8CE8-49FBAB775224}.Debug|x86.Build.0 = Debug|x86
		{FFCABFB8-EDD0-41E2-8CE8-49FBAB775224}.Release|Any CPU.ActiveCfg = Release|x86
		{FFCABFB8-EDD0-41E2-8CE8-49FBAB775224}.Release|Mixed Platforms.ActiveCfg = Release|x86
		{FFCABFB8-EDD0-41E2-8CE8-49FBAB775224}.Release|Mixed Platforms.Build.0 = Release|x86
		{FFCABFB8-EDD0-41E2-8CE8-49FBAB775224}.Release|x86.ActiveCfg = Release|x86
		{FFCABFB8-EDD0-41E2-8CE8-49FBAB775224}.Release|x86.Build.0 = Release|x86
		{2CB8AB5B-230D-46E2-BF2B-6A9A8B888A7C}.Debug|Any CPU.ActiveCfg = Debug|Any CPU
		{2CB8AB5B-230D-46E2-BF2B-6A9A8B888A7C}.Debug|Any CPU.Build.0 = Debug|Any CPU
		{2CB8AB5B-230D-46E2-BF2B-6A9A8B888A7C}.Debug|Mixed Platforms.ActiveCfg = Debug|Any CPU
		{2CB8AB5B-230D-46E2-BF2B-6A9A8B888A7C}.Debug|Mixed Platforms.Build.0 = Debug|Any CPU
		{2CB8AB5B-230D-46E2-BF2B-6A9A8B888A7C}.Debug|x86.ActiveCfg = Debug|Any CPU
		{2CB8AB5B-230D-46E2-BF2B-6A9A8B888A7C}.Release|Any CPU.ActiveCfg = Release|Any CPU
		{2CB8AB5B-230D-46E2-BF2B-6A9A8B888A7C}.Release|Any CPU.Build.0 = Release|Any CPU
		{2CB8AB5B-230D-46E2-BF2B-6A9A8B888A7C}.Release|Mixed Platforms.ActiveCfg = Release|Any CPU
		{2CB8AB5B-230D-46E2-BF2B-6A9A8B888A7C}.Release|Mixed Platforms.Build.0 = Release|Any CPU
		{2CB8AB5B-230D-46E2-BF2B-6A9A8B888A7C}.Release|x86.ActiveCfg = Release|Any CPU
		{D6AB95DF-5DBD-4EF1-82DE-3065F3B855C1}.Debug|Any CPU.ActiveCfg = Debug|Any CPU
		{D6AB95DF-5DBD-4EF1-82DE-3065F3B855C1}.Debug|Any CPU.Build.0 = Debug|Any CPU
		{D6AB95DF-5DBD-4EF1-82DE-3065F3B855C1}.Debug|Mixed Platforms.ActiveCfg = Debug|Any CPU
		{D6AB95DF-5DBD-4EF1-82DE-3065F3B855C1}.Debug|Mixed Platforms.Build.0 = Debug|Any CPU
		{D6AB95DF-5DBD-4EF1-82DE-3065F3B855C1}.Debug|x86.ActiveCfg = Debug|Any CPU
		{D6AB95DF-5DBD-4EF1-82DE-3065F3B855C1}.Release|Any CPU.ActiveCfg = Release|Any CPU
		{D6AB95DF-5DBD-4EF1-82DE-3065F3B855C1}.Release|Any CPU.Build.0 = Release|Any CPU
		{D6AB95DF-5DBD-4EF1-82DE-3065F3B855C1}.Release|Mixed Platforms.ActiveCfg = Release|Any CPU
		{D6AB95DF-5DBD-4EF1-82DE-3065F3B855C1}.Release|Mixed Platforms.Build.0 = Release|Any CPU
		{D6AB95DF-5DBD-4EF1-82DE-3065F3B855C1}.Release|x86.ActiveCfg = Release|Any CPU
		{7B6C44F8-AF0C-495E-86E6-6D465636FFDB}.Debug|Any CPU.ActiveCfg = Debug
		{7B6C44F8-AF0C-495E-86E6-6D465636FFDB}.Debug|Mixed Platforms.ActiveCfg = Debug
		{7B6C44F8-AF0C-495E-86E6-6D465636FFDB}.Debug|x86.ActiveCfg = Debug
		{7B6C44F8-AF0C-495E-86E6-6D465636FFDB}.Release|Any CPU.ActiveCfg = Release
		{7B6C44F8-AF0C-495E-86E6-6D465636FFDB}.Release|Mixed Platforms.ActiveCfg = Release
		{7B6C44F8-AF0C-495E-86E6-6D465636FFDB}.Release|x86.ActiveCfg = Release
	EndGlobalSection
	GlobalSection(SolutionProperties) = preSolution
		HideSolutionNode = FALSE
	EndGlobalSection
EndGlobal
